// !$*UTF8*$!
{
	archiveVersion = 1;
	classes = {
	};
	objectVersion = 48;
	objects = {

/* Begin PBXBuildFile section */
		0ACFE46B1FD57CBA009F7160 /* AppDelegate.swift in Sources */ = {isa = PBXBuildFile; fileRef = 0ACFE46A1FD57CBA009F7160 /* AppDelegate.swift */; };
		0ACFE46D1FD57CBA009F7160 /* ViewController.swift in Sources */ = {isa = PBXBuildFile; fileRef = 0ACFE46C1FD57CBA009F7160 /* ViewController.swift */; };
		0ACFE4701FD57CBA009F7160 /* Main.storyboard in Resources */ = {isa = PBXBuildFile; fileRef = 0ACFE46E1FD57CBA009F7160 /* Main.storyboard */; };
		0ACFE4721FD57CBA009F7160 /* Assets.xcassets in Resources */ = {isa = PBXBuildFile; fileRef = 0ACFE4711FD57CBA009F7160 /* Assets.xcassets */; };
		0ACFE4751FD57CBA009F7160 /* LaunchScreen.storyboard in Resources */ = {isa = PBXBuildFile; fileRef = 0ACFE4731FD57CBA009F7160 /* LaunchScreen.storyboard */; };
		43FC4018EFBC947BB71C9B26 /* Pods_TraceBoek.framework in Frameworks */ = {isa = PBXBuildFile; fileRef = AFE73F37531A5A3ABE58248D /* Pods_TraceBoek.framework */; };
/* End PBXBuildFile section */

/* Begin PBXFileReference section */
		0ACFE4671FD57CBA009F7160 /* TraceBoek.app */ = {isa = PBXFileReference; explicitFileType = wrapper.application; includeInIndex = 0; path = TraceBoek.app; sourceTree = BUILT_PRODUCTS_DIR; };
		0ACFE46A1FD57CBA009F7160 /* AppDelegate.swift */ = {isa = PBXFileReference; lastKnownFileType = sourcecode.swift; path = AppDelegate.swift; sourceTree = "<group>"; };
		0ACFE46C1FD57CBA009F7160 /* ViewController.swift */ = {isa = PBXFileReference; lastKnownFileType = sourcecode.swift; path = ViewController.swift; sourceTree = "<group>"; };
		0ACFE46F1FD57CBA009F7160 /* Base */ = {isa = PBXFileReference; lastKnownFileType = file.storyboard; name = Base; path = Base.lproj/Main.storyboard; sourceTree = "<group>"; };
		0ACFE4711FD57CBA009F7160 /* Assets.xcassets */ = {isa = PBXFileReference; lastKnownFileType = folder.assetcatalog; path = Assets.xcassets; sourceTree = "<group>"; };
		0ACFE4741FD57CBA009F7160 /* Base */ = {isa = PBXFileReference; lastKnownFileType = file.storyboard; name = Base; path = Base.lproj/LaunchScreen.storyboard; sourceTree = "<group>"; };
		0ACFE4761FD57CBA009F7160 /* Info.plist */ = {isa = PBXFileReference; lastKnownFileType = text.plist.xml; path = Info.plist; sourceTree = "<group>"; };
		202253EF4CB779D6BA5101CA /* Pods-TraceBoek.debug.xcconfig */ = {isa = PBXFileReference; includeInIndex = 1; lastKnownFileType = text.xcconfig; name = "Pods-TraceBoek.debug.xcconfig"; path = "Pods/Target Support Files/Pods-TraceBoek/Pods-TraceBoek.debug.xcconfig"; sourceTree = "<group>"; };
		AFE73F37531A5A3ABE58248D /* Pods_TraceBoek.framework */ = {isa = PBXFileReference; explicitFileType = wrapper.framework; includeInIndex = 0; path = Pods_TraceBoek.framework; sourceTree = BUILT_PRODUCTS_DIR; };
		EA263ABC9C4EEC36757FC561 /* Pods-TraceBoek.release.xcconfig */ = {isa = PBXFileReference; includeInIndex = 1; lastKnownFileType = text.xcconfig; name = "Pods-TraceBoek.release.xcconfig"; path = "Pods/Target Support Files/Pods-TraceBoek/Pods-TraceBoek.release.xcconfig"; sourceTree = "<group>"; };
/* End PBXFileReference section */

/* Begin PBXFrameworksBuildPhase section */
		0ACFE4641FD57CBA009F7160 /* Frameworks */ = {
			isa = PBXFrameworksBuildPhase;
			buildActionMask = 2147483647;
			files = (
				43FC4018EFBC947BB71C9B26 /* Pods_TraceBoek.framework in Frameworks */,
			);
			runOnlyForDeploymentPostprocessing = 0;
		};
/* End PBXFrameworksBuildPhase section */

/* Begin PBXGroup section */
		0ACFE45E1FD57CBA009F7160 = {
			isa = PBXGroup;
			children = (
				0ACFE4691FD57CBA009F7160 /* TraceBoek */,
				0ACFE4681FD57CBA009F7160 /* Products */,
				8FB03047F69FAB5B0C532D3B /* Pods */,
				8BCDD44C68DE173C6DB04896 /* Frameworks */,
			);
			sourceTree = "<group>";
		};
		0ACFE4681FD57CBA009F7160 /* Products */ = {
			isa = PBXGroup;
			children = (
				0ACFE4671FD57CBA009F7160 /* TraceBoek.app */,
			);
			name = Products;
			sourceTree = "<group>";
		};
		0ACFE4691FD57CBA009F7160 /* TraceBoek */ = {
			isa = PBXGroup;
			children = (
				0ACFE46A1FD57CBA009F7160 /* AppDelegate.swift */,
				0ACFE46C1FD57CBA009F7160 /* ViewController.swift */,
				0ACFE46E1FD57CBA009F7160 /* Main.storyboard */,
				0ACFE4711FD57CBA009F7160 /* Assets.xcassets */,
				0ACFE4731FD57CBA009F7160 /* LaunchScreen.storyboard */,
				0ACFE4761FD57CBA009F7160 /* Info.plist */,
			);
			path = TraceBoek;
			sourceTree = "<group>";
		};
		8BCDD44C68DE173C6DB04896 /* Frameworks */ = {
			isa = PBXGroup;
			children = (
				AFE73F37531A5A3ABE58248D /* Pods_TraceBoek.framework */,
			);
			name = Frameworks;
			sourceTree = "<group>";
		};
		8FB03047F69FAB5B0C532D3B /* Pods */ = {
			isa = PBXGroup;
			children = (
				202253EF4CB779D6BA5101CA /* Pods-TraceBoek.debug.xcconfig */,
				EA263ABC9C4EEC36757FC561 /* Pods-TraceBoek.release.xcconfig */,
			);
			name = Pods;
			sourceTree = "<group>";
		};
/* End PBXGroup section */

/* Begin PBXNativeTarget section */
		0ACFE4661FD57CBA009F7160 /* TraceBoek */ = {
			isa = PBXNativeTarget;
			buildConfigurationList = 0ACFE4791FD57CBA009F7160 /* Build configuration list for PBXNativeTarget "TraceBoek" */;
			buildPhases = (
				45522A3F7578B6D0C0F06B6A /* [CP] Check Pods Manifest.lock */,
				0ACFE4631FD57CBA009F7160 /* Sources */,
				0ACFE4641FD57CBA009F7160 /* Frameworks */,
				0ACFE4651FD57CBA009F7160 /* Resources */,
				3A4427A222B09A6B477FEDE0 /* [CP] Embed Pods Frameworks */,
				23E0F2810863C7D553672E79 /* [CP] Copy Pods Resources */,
			);
			buildRules = (
			);
			dependencies = (
			);
			name = TraceBoek;
			productName = TraceBoek;
			productReference = 0ACFE4671FD57CBA009F7160 /* TraceBoek.app */;
			productType = "com.apple.product-type.application";
		};
/* End PBXNativeTarget section */

/* Begin PBXProject section */
		0ACFE45F1FD57CBA009F7160 /* Project object */ = {
			isa = PBXProject;
			attributes = {
				LastSwiftUpdateCheck = 0910;
				LastUpgradeCheck = 0910;
				ORGANIZATIONNAME = "Kevin Broeren";
				TargetAttributes = {
					0ACFE4661FD57CBA009F7160 = {
						CreatedOnToolsVersion = 9.1;
						ProvisioningStyle = Automatic;
					};
				};
			};
			buildConfigurationList = 0ACFE4621FD57CBA009F7160 /* Build configuration list for PBXProject "TraceBoek" */;
			compatibilityVersion = "Xcode 8.0";
			developmentRegion = en;
			hasScannedForEncodings = 0;
			knownRegions = (
				en,
				Base,
			);
			mainGroup = 0ACFE45E1FD57CBA009F7160;
			productRefGroup = 0ACFE4681FD57CBA009F7160 /* Products */;
			projectDirPath = "";
			projectRoot = "";
			targets = (
				0ACFE4661FD57CBA009F7160 /* TraceBoek */,
			);
		};
/* End PBXProject section */

/* Begin PBXResourcesBuildPhase section */
		0ACFE4651FD57CBA009F7160 /* Resources */ = {
			isa = PBXResourcesBuildPhase;
			buildActionMask = 2147483647;
			files = (
				0ACFE4751FD57CBA009F7160 /* LaunchScreen.storyboard in Resources */,
				0ACFE4721FD57CBA009F7160 /* Assets.xcassets in Resources */,
				0ACFE4701FD57CBA009F7160 /* Main.storyboard in Resources */,
			);
			runOnlyForDeploymentPostprocessing = 0;
		};
/* End PBXResourcesBuildPhase section */

/* Begin PBXShellScriptBuildPhase section */
		23E0F2810863C7D553672E79 /* [CP] Copy Pods Resources */ = {
			isa = PBXShellScriptBuildPhase;
			buildActionMask = 2147483647;
			files = (
			);
			inputPaths = (
			);
			name = "[CP] Copy Pods Resources";
			outputPaths = (
			);
			runOnlyForDeploymentPostprocessing = 0;
			shellPath = /bin/sh;
			shellScript = "\"${SRCROOT}/Pods/Target Support Files/Pods-TraceBoek/Pods-TraceBoek-resources.sh\"\n";
			showEnvVarsInLog = 0;
		};
		3A4427A222B09A6B477FEDE0 /* [CP] Embed Pods Frameworks */ = {
			isa = PBXShellScriptBuildPhase;
			buildActionMask = 2147483647;
			files = (
			);
			inputPaths = (
				"${SRCROOT}/Pods/Target Support Files/Pods-TraceBoek/Pods-TraceBoek-frameworks.sh",
				"${BUILT_PRODUCTS_DIR}/Bolts/Bolts.framework",
				"${BUILT_PRODUCTS_DIR}/FBSDKCoreKit/FBSDKCoreKit.framework",
				"${BUILT_PRODUCTS_DIR}/FBSDKLoginKit/FBSDKLoginKit.framework",
				"${BUILT_PRODUCTS_DIR}/FBSDKShareKit/FBSDKShareKit.framework",
				"${BUILT_PRODUCTS_DIR}/FacebookCore/FacebookCore.framework",
				"${BUILT_PRODUCTS_DIR}/FacebookLogin/FacebookLogin.framework",
				"${BUILT_PRODUCTS_DIR}/FacebookShare/FacebookShare.framework",
			);
			name = "[CP] Embed Pods Frameworks";
			outputPaths = (
				"${TARGET_BUILD_DIR}/${FRAMEWORKS_FOLDER_PATH}/Bolts.framework",
				"${TARGET_BUILD_DIR}/${FRAMEWORKS_FOLDER_PATH}/FBSDKCoreKit.framework",
				"${TARGET_BUILD_DIR}/${FRAMEWORKS_FOLDER_PATH}/FBSDKLoginKit.framework",
				"${TARGET_BUILD_DIR}/${FRAMEWORKS_FOLDER_PATH}/FBSDKShareKit.framework",
				"${TARGET_BUILD_DIR}/${FRAMEWORKS_FOLDER_PATH}/FacebookCore.framework",
				"${TARGET_BUILD_DIR}/${FRAMEWORKS_FOLDER_PATH}/FacebookLogin.framework",
				"${TARGET_BUILD_DIR}/${FRAMEWORKS_FOLDER_PATH}/FacebookShare.framework",
			);
			runOnlyForDeploymentPostprocessing = 0;
			shellPath = /bin/sh;
			shellScript = "\"${SRCROOT}/Pods/Target Support Files/Pods-TraceBoek/Pods-TraceBoek-frameworks.sh\"\n";
			showEnvVarsInLog = 0;
		};
		45522A3F7578B6D0C0F06B6A /* [CP] Check Pods Manifest.lock */ = {
			isa = PBXShellScriptBuildPhase;
			buildActionMask = 2147483647;
			files = (
			);
			inputPaths = (
				"${PODS_PODFILE_DIR_PATH}/Podfile.lock",
				"${PODS_ROOT}/Manifest.lock",
			);
			name = "[CP] Check Pods Manifest.lock";
			outputPaths = (
				"$(DERIVED_FILE_DIR)/Pods-TraceBoek-checkManifestLockResult.txt",
			);
			runOnlyForDeploymentPostprocessing = 0;
			shellPath = /bin/sh;
			shellScript = "diff \"${PODS_PODFILE_DIR_PATH}/Podfile.lock\" \"${PODS_ROOT}/Manifest.lock\" > /dev/null\nif [ $? != 0 ] ; then\n    # print error to STDERR\n    echo \"error: The sandbox is not in sync with the Podfile.lock. Run 'pod install' or update your CocoaPods installation.\" >&2\n    exit 1\nfi\n# This output is used by Xcode 'outputs' to avoid re-running this script phase.\necho \"SUCCESS\" > \"${SCRIPT_OUTPUT_FILE_0}\"\n";
			showEnvVarsInLog = 0;
		};
/* End PBXShellScriptBuildPhase section */

/* Begin PBXSourcesBuildPhase section */
		0ACFE4631FD57CBA009F7160 /* Sources */ = {
			isa = PBXSourcesBuildPhase;
			buildActionMask = 2147483647;
			files = (
				0ACFE46D1FD57CBA009F7160 /* ViewController.swift in Sources */,
				0ACFE46B1FD57CBA009F7160 /* AppDelegate.swift in Sources */,
			);
			runOnlyForDeploymentPostprocessing = 0;
		};
/* End PBXSourcesBuildPhase section */

/* Begin PBXVariantGroup section */
		0ACFE46E1FD57CBA009F7160 /* Main.storyboard */ = {
			isa = PBXVariantGroup;
			children = (
				0ACFE46F1FD57CBA009F7160 /* Base */,
			);
			name = Main.storyboard;
			sourceTree = "<group>";
		};
		0ACFE4731FD57CBA009F7160 /* LaunchScreen.storyboard */ = {
			isa = PBXVariantGroup;
			children = (
				0ACFE4741FD57CBA009F7160 /* Base */,
			);
			name = LaunchScreen.storyboard;
			sourceTree = "<group>";
		};
/* End PBXVariantGroup section */

/* Begin XCBuildConfiguration section */
		0ACFE4771FD57CBA009F7160 /* Debug */ = {
			isa = XCBuildConfiguration;
			buildSettings = {
				ALWAYS_SEARCH_USER_PATHS = NO;
				CLANG_ANALYZER_NONNULL = YES;
				CLANG_ANALYZER_NUMBER_OBJECT_CONVERSION = YES_AGGRESSIVE;
				CLANG_CXX_LANGUAGE_STANDARD = "gnu++14";
				CLANG_CXX_LIBRARY = "libc++";
				CLANG_ENABLE_MODULES = YES;
				CLANG_ENABLE_OBJC_ARC = YES;
				CLANG_WARN_BLOCK_CAPTURE_AUTORELEASING = YES;
				CLANG_WARN_BOOL_CONVERSION = YES;
				CLANG_WARN_COMMA = YES;
				CLANG_WARN_CONSTANT_CONVERSION = YES;
				CLANG_WARN_DIRECT_OBJC_ISA_USAGE = YES_ERROR;
				CLANG_WARN_DOCUMENTATION_COMMENTS = YES;
				CLANG_WARN_EMPTY_BODY = YES;
				CLANG_WARN_ENUM_CONVERSION = YES;
				CLANG_WARN_INFINITE_RECURSION = YES;
				CLANG_WARN_INT_CONVERSION = YES;
				CLANG_WARN_NON_LITERAL_NULL_CONVERSION = YES;
				CLANG_WARN_OBJC_LITERAL_CONVERSION = YES;
				CLANG_WARN_OBJC_ROOT_CLASS = YES_ERROR;
				CLANG_WARN_RANGE_LOOP_ANALYSIS = YES;
				CLANG_WARN_STRICT_PROTOTYPES = YES;
				CLANG_WARN_SUSPICIOUS_MOVE = YES;
				CLANG_WARN_UNGUARDED_AVAILABILITY = YES_AGGRESSIVE;
				CLANG_WARN_UNREACHABLE_CODE = YES;
				CLANG_WARN__DUPLICATE_METHOD_MATCH = YES;
				CODE_SIGN_IDENTITY = "iPhone Developer";
				COPY_PHASE_STRIP = NO;
				DEBUG_INFORMATION_FORMAT = dwarf;
				ENABLE_STRICT_OBJC_MSGSEND = YES;
				ENABLE_TESTABILITY = YES;
				GCC_C_LANGUAGE_STANDARD = gnu11;
				GCC_DYNAMIC_NO_PIC = NO;
				GCC_NO_COMMON_BLOCKS = YES;
				GCC_OPTIMIZATION_LEVEL = 0;
				GCC_PREPROCESSOR_DEFINITIONS = (
					"DEBUG=1",
					"$(inherited)",
				);
				GCC_WARN_64_TO_32_BIT_CONVERSION = YES;
				GCC_WARN_ABOUT_RETURN_TYPE = YES_ERROR;
				GCC_WARN_UNDECLARED_SELECTOR = YES;
				GCC_WARN_UNINITIALIZED_AUTOS = YES_AGGRESSIVE;
				GCC_WARN_UNUSED_FUNCTION = YES;
				GCC_WARN_UNUSED_VARIABLE = YES;
				IPHONEOS_DEPLOYMENT_TARGET = 11.1;
				MTL_ENABLE_DEBUG_INFO = YES;
				ONLY_ACTIVE_ARCH = YES;
				SDKROOT = iphoneos;
				SWIFT_ACTIVE_COMPILATION_CONDITIONS = DEBUG;
				SWIFT_OPTIMIZATION_LEVEL = "-Onone";
			};
			name = Debug;
		};
		0ACFE4781FD57CBA009F7160 /* Release */ = {
			isa = XCBuildConfiguration;
			buildSettings = {
				ALWAYS_SEARCH_USER_PATHS = NO;
				CLANG_ANALYZER_NONNULL = YES;
				CLANG_ANALYZER_NUMBER_OBJECT_CONVERSION = YES_AGGRESSIVE;
				CLANG_CXX_LANGUAGE_STANDARD = "gnu++14";
				CLANG_CXX_LIBRARY = "libc++";
				CLANG_ENABLE_MODULES = YES;
				CLANG_ENABLE_OBJC_ARC = YES;
				CLANG_WARN_BLOCK_CAPTURE_AUTORELEASING = YES;
				CLANG_WARN_BOOL_CONVERSION = YES;
				CLANG_WARN_COMMA = YES;
				CLANG_WARN_CONSTANT_CONVERSION = YES;
				CLANG_WARN_DIRECT_OBJC_ISA_USAGE = YES_ERROR;
				CLANG_WARN_DOCUMENTATION_COMMENTS = YES;
				CLANG_WARN_EMPTY_BODY = YES;
				CLANG_WARN_ENUM_CONVERSION = YES;
				CLANG_WARN_INFINITE_RECURSION = YES;
				CLANG_WARN_INT_CONVERSION = YES;
				CLANG_WARN_NON_LITERAL_NULL_CONVERSION = YES;
				CLANG_WARN_OBJC_LITERAL_CONVERSION = YES;
				CLANG_WARN_OBJC_ROOT_CLASS = YES_ERROR;
				CLANG_WARN_RANGE_LOOP_ANALYSIS = YES;
				CLANG_WARN_STRICT_PROTOTYPES = YES;
				CLANG_WARN_SUSPICIOUS_MOVE = YES;
				CLANG_WARN_UNGUARDED_AVAILABILITY = YES_AGGRESSIVE;
				CLANG_WARN_UNREACHABLE_CODE = YES;
				CLANG_WARN__DUPLICATE_METHOD_MATCH = YES;
				CODE_SIGN_IDENTITY = "iPhone Developer";
				COPY_PHASE_STRIP = NO;
				DEBUG_INFORMATION_FORMAT = "dwarf-with-dsym";
				ENABLE_NS_ASSERTIONS = NO;
				ENABLE_STRICT_OBJC_MSGSEND = YES;
				GCC_C_LANGUAGE_STANDARD = gnu11;
				GCC_NO_COMMON_BLOCKS = YES;
				GCC_WARN_64_TO_32_BIT_CONVERSION = YES;
				GCC_WARN_ABOUT_RETURN_TYPE = YES_ERROR;
				GCC_WARN_UNDECLARED_SELECTOR = YES;
				GCC_WARN_UNINITIALIZED_AUTOS = YES_AGGRESSIVE;
				GCC_WARN_UNUSED_FUNCTION = YES;
				GCC_WARN_UNUSED_VARIABLE = YES;
				IPHONEOS_DEPLOYMENT_TARGET = 11.1;
				MTL_ENABLE_DEBUG_INFO = NO;
				SDKROOT = iphoneos;
				SWIFT_OPTIMIZATION_LEVEL = "-Owholemodule";
				VALIDATE_PRODUCT = YES;
			};
			name = Release;
		};
		0ACFE47A1FD57CBA009F7160 /* Debug */ = {
			isa = XCBuildConfiguration;
			baseConfigurationReference = 202253EF4CB779D6BA5101CA /* Pods-TraceBoek.debug.xcconfig */;
			buildSettings = {
				ASSETCATALOG_COMPILER_APPICON_NAME = AppIcon;
				CODE_SIGN_STYLE = Automatic;
				DEVELOPMENT_TEAM = G4ZY5FS76Y;
				FRAMEWORK_SEARCH_PATHS = (
					"$(inherited)",
					"$(PROJECT_DIR)/Frameworks",
				);
				INFOPLIST_FILE = TraceBoek/Info.plist;
				LD_RUNPATH_SEARCH_PATHS = "$(inherited) @executable_path/Frameworks";
				PRODUCT_BUNDLE_IDENTIFIER = com.kevinbroeren.TraceBoek;
				PRODUCT_NAME = "$(TARGET_NAME)";
				SWIFT_VERSION = 4.0;
				SYSTEM_FRAMEWORK_SEARCH_PATHS = "~/Documents/FacebookSDKs-iOS-4.28.0";
				TARGETED_DEVICE_FAMILY = "1,2";
			};
			name = Debug;
		};
		0ACFE47B1FD57CBA009F7160 /* Release */ = {
			isa = XCBuildConfiguration;
			baseConfigurationReference = EA263ABC9C4EEC36757FC561 /* Pods-TraceBoek.release.xcconfig */;
			buildSettings = {
				ASSETCATALOG_COMPILER_APPICON_NAME = AppIcon;
				CODE_SIGN_STYLE = Automatic;
				DEVELOPMENT_TEAM = G4ZY5FS76Y;
				FRAMEWORK_SEARCH_PATHS = (
					"$(inherited)",
					"$(PROJECT_DIR)/Frameworks",
				);
				INFOPLIST_FILE = TraceBoek/Info.plist;
				LD_RUNPATH_SEARCH_PATHS = "$(inherited) @executable_path/Frameworks";
				PRODUCT_BUNDLE_IDENTIFIER = com.kevinbroeren.TraceBoek;
				PRODUCT_NAME = "$(TARGET_NAME)";
				SWIFT_VERSION = 4.0;
				SYSTEM_FRAMEWORK_SEARCH_PATHS = "~/Documents/FacebookSDKs-iOS-4.28.0";
				TARGETED_DEVICE_FAMILY = "1,2";
			};
			name = Release;
		};
/* End XCBuildConfiguration section */

/* Begin XCConfigurationList section */
		0ACFE4621FD57CBA009F7160 /* Build configuration list for PBXProject "TraceBoek" */ = {
			isa = XCConfigurationList;
			buildConfigurations = (
				0ACFE4771FD57CBA009F7160 /* Debug */,
				0ACFE4781FD57CBA009F7160 /* Release */,
			);
			defaultConfigurationIsVisible = 0;
			defaultConfigurationName = Release;
		};
		0ACFE4791FD57CBA009F7160 /* Build configuration list for PBXNativeTarget "TraceBoek" */ = {
			isa = XCConfigurationList;
			buildConfigurations = (
				0ACFE47A1FD57CBA009F7160 /* Debug */,
				0ACFE47B1FD57CBA009F7160 /* Release */,
			);
			defaultConfigurationIsVisible = 0;
			defaultConfigurationName = Release;
		};
/* End XCConfigurationList section */
	};
	rootObject = 0ACFE45F1FD57CBA009F7160 /* Project object */;
}
